
Microsoft Visual Studio Solution File, Format Version 12.00
# Visual Studio 15
Project("{FAE04EC0-301F-11D3-BF4B-00C04F79EFBC}") = "UnityEngine.TestRunner", "UnityEngine.TestRunner.csproj", "{05F2F4FF-9A40-5160-CA86-DFA09C9B1630}"
EndProject
Project("{FAE04EC0-301F-11D3-BF4B-00C04F79EFBC}") = "Unity.Mathematics", "Unity.Mathematics.csproj", "{655AA732-B7A6-1485-03B1-3EBD2B9E1643}"
EndProject
Project("{FAE04EC0-301F-11D3-BF4B-00C04F79EFBC}") = "Unity.2D.Animation.Triangle.Runtime", "Unity.2D.Animation.Triangle.Runtime.csproj", "{1DBFF782-4552-B4DE-AD7B-CFE4A5B32384}"
EndProject
Project("{FAE04EC0-301F-11D3-BF4B-00C04F79EFBC}") = "Unity.Timeline", "Unity.Timeline.csproj", "{275B775C-3822-8C12-8845-1D9985484C7E}"
EndProject
Project("{FAE04EC0-301F-11D3-BF4B-00C04F79EFBC}") = "UnityEngine.UI", "UnityEngine.UI.csproj", "{2851B43C-6298-CE69-03F3-45E9172CC05D}"
EndProject
Project("{FAE04EC0-301F-11D3-BF4B-00C04F79EFBC}") = "Assembly-CSharp", "Assembly-CSharp.csproj", "{E04243AF-BD5C-9936-BE12-4D054A9C3C64}"
EndProject
Project("{FAE04EC0-301F-11D3-BF4B-00C04F79EFBC}") = "Unity.TextMeshPro", "Unity.TextMeshPro.csproj", "{8ED37E0B-75CF-B9D4-907F-F98EAF09A8FE}"
EndProject
Project("{FAE04EC0-301F-11D3-BF4B-00C04F79EFBC}") = "Unity.2D.Animation.Runtime", "Unity.2D.Animation.Runtime.csproj", "{54980C59-5F36-C054-C4E3-56DFCA07B7FF}"
EndProject
Project("{FAE04EC0-301F-11D3-BF4B-00C04F79EFBC}") = "Unity.2D.IK.Runtime", "Unity.2D.IK.Runtime.csproj", "{1F2940C6-6783-2B94-CA6F-E9FEF603F308}"
EndProject
Project("{FAE04EC0-301F-11D3-BF4B-00C04F79EFBC}") = "Unity.2D.SpriteShape.Runtime", "Unity.2D.SpriteShape.Runtime.csproj", "{316240BA-F01D-74F7-E85E-6E95B24F854F}"
EndProject
Project("{FAE04EC0-301F-11D3-BF4B-00C04F79EFBC}") = "Unity.2D.PixelPerfect", "Unity.2D.PixelPerfect.csproj", "{33DA98F0-8F1E-A94B-5591-05CDD5E0FE8A}"
EndProject
Project("{FAE04EC0-301F-11D3-BF4B-00C04F79EFBC}") = "Unity.2D.Common.Runtime", "Unity.2D.Common.Runtime.csproj", "{E30031CE-3862-A552-C497-AD89AF0A4EE7}"
EndProject
Project("{FAE04EC0-301F-11D3-BF4B-00C04F79EFBC}") = "Unity.InternalAPIEngineBridge.001", "Unity.InternalAPIEngineBridge.001.csproj", "{2EA10F46-9455-5A39-D72C-E1DAD06E3159}"
EndProject
Project("{FAE04EC0-301F-11D3-BF4B-00C04F79EFBC}") = "UnityEditor.TestRunner", "UnityEditor.TestRunner.csproj", "{2678D5A1-7CAE-6ABD-76D1-37FC23245434}"
EndProject
Project("{FAE04EC0-301F-11D3-BF4B-00C04F79EFBC}") = "UnityEditor.UI", "UnityEditor.UI.csproj", "{692B7529-6F64-A472-F452-97E4F67B59E1}"
EndProject
Project("{FAE04EC0-301F-11D3-BF4B-00C04F79EFBC}") = "Unity.Timeline.Editor", "Unity.Timeline.Editor.csproj", "{61908B2E-2C22-949A-A1C3-50C8F96ACB4F}"
EndProject
Project("{FAE04EC0-301F-11D3-BF4B-00C04F79EFBC}") = "Unity.VisualStudio.Editor", "Unity.VisualStudio.Editor.csproj", "{F4AFA434-FD82-09D6-6935-DE30D9CFC899}"
EndProject
Project("{FAE04EC0-301F-11D3-BF4B-00C04F79EFBC}") = "Unity.2D.Psdimporter.Editor", "Unity.2D.Psdimporter.Editor.csproj", "{1F8AB135-97FC-C053-DA92-581B05AF5872}"
EndProject
Project("{FAE04EC0-301F-11D3-BF4B-00C04F79EFBC}") = "Unity.2D.Animation.Editor", "Unity.2D.Animation.Editor.csproj", "{DDF2A27C-CFCB-6F4B-A1B1-B67C5EE15B2D}"
EndProject
Project("{FAE04EC0-301F-11D3-BF4B-00C04F79EFBC}") = "Unity.TextMeshPro.Editor", "Unity.TextMeshPro.Editor.csproj", "{6A0EF9FA-3CDB-F255-7D60-F679F60E0A9D}"
EndProject
Project("{FAE04EC0-301F-11D3-BF4B-00C04F79EFBC}") = "Unity.2D.SpriteShape.Editor", "Unity.2D.SpriteShape.Editor.csproj", "{943E619E-A1DF-9BB3-A545-4DBEC7A1BBA3}"
EndProject
Project("{FAE04EC0-301F-11D3-BF4B-00C04F79EFBC}") = "Unity.CollabProxy.Editor", "Unity.CollabProxy.Editor.csproj", "{28EF786F-90F1-6E87-B391-623297826CE0}"
EndProject
Project("{FAE04EC0-301F-11D3-BF4B-00C04F79EFBC}") = "PsdPlugin", "PsdPlugin.csproj", "{A4E9C4DA-A77E-91AA-4674-DCB034E5A78F}"
EndProject
Project("{FAE04EC0-301F-11D3-BF4B-00C04F79EFBC}") = "Unity.2D.Path.Editor", "Unity.2D.Path.Editor.csproj", "{7FF7B2D6-CE0E-4991-47A6-802D6F02834F}"
EndProject
Project("{FAE04EC0-301F-11D3-BF4B-00C04F79EFBC}") = "Unity.Rider.Editor", "Unity.Rider.Editor.csproj", "{A095C941-503D-AC21-B300-7F771C4FEE6F}"
EndProject
Project("{FAE04EC0-301F-11D3-BF4B-00C04F79EFBC}") = "Unity.2D.IK.Editor", "Unity.2D.IK.Editor.csproj", "{7679EC5C-A9D0-0C8D-887F-621872F9FD1A}"
EndProject
Project("{FAE04EC0-301F-11D3-BF4B-00C04F79EFBC}") = "Unity.2D.Sprite.Editor", "Unity.2D.Sprite.Editor.csproj", "{6A1766B5-C3FD-156E-CDE4-08A49E0B6F49}"
EndProject
Project("{FAE04EC0-301F-11D3-BF4B-00C04F79EFBC}") = "Unity.2D.Tilemap.Editor", "Unity.2D.Tilemap.Editor.csproj", "{815934B7-6585-6F35-BA9D-2702272079CD}"
EndProject
Project("{FAE04EC0-301F-11D3-BF4B-00C04F79EFBC}") = "Unity.2D.PixelPerfect.Editor", "Unity.2D.PixelPerfect.Editor.csproj", "{E0FAF275-FAB7-AEFE-729A-0AFB5C4D860D}"
EndProject
Project("{FAE04EC0-301F-11D3-BF4B-00C04F79EFBC}") = "Unity.VSCode.Editor", "Unity.VSCode.Editor.csproj", "{302230C5-4807-D799-B20B-52F45C3335AE}"
EndProject
Project("{FAE04EC0-301F-11D3-BF4B-00C04F79EFBC}") = "Unity.2D.Common.Editor", "Unity.2D.Common.Editor.csproj", "{6BCBDECD-B644-D103-4BCF-7C8FB675007E}"
EndProject
Project("{FAE04EC0-301F-11D3-BF4B-00C04F79EFBC}") = "Unity.Mathematics.Editor", "Unity.Mathematics.Editor.csproj", "{3BD6D45A-74B9-BEC1-8D84-9C1F17376B11}"
EndProject
Project("{FAE04EC0-301F-11D3-BF4B-00C04F79EFBC}") = "Unity.InternalAPIEditorBridge.001", "Unity.InternalAPIEditorBridge.001.csproj", "{41F7F7D1-6A5B-0946-3A32-EFD55FF73AF5}"
EndProject
Project("{FAE04EC0-301F-11D3-BF4B-00C04F79EFBC}") = "UnityEngine.TestRunner", "UnityEngine.TestRunner.Player.csproj", "{97E4BD27-2B46-B278-A279-4F79C2C158F6}"
EndProject
Project("{FAE04EC0-301F-11D3-BF4B-00C04F79EFBC}") = "Unity.Mathematics", "Unity.Mathematics.Player.csproj", "{63199B1B-3EA9-AAA5-72B7-D1F0ED30E715}"
EndProject
Project("{FAE04EC0-301F-11D3-BF4B-00C04F79EFBC}") = "Unity.2D.Animation.Triangle.Runtime", "Unity.2D.Animation.Triangle.Runtime.Player.csproj", "{DCDBD145-2349-3B90-EF4C-CCD1A5CDD191}"
EndProject
Project("{FAE04EC0-301F-11D3-BF4B-00C04F79EFBC}") = "Unity.Timeline", "Unity.Timeline.Player.csproj", "{AE8B7EC8-33BF-8C3E-855E-E7FE5B7BD9A7}"
EndProject
Project("{FAE04EC0-301F-11D3-BF4B-00C04F79EFBC}") = "UnityEngine.UI", "UnityEngine.UI.Player.csproj", "{69DB62E2-60F7-EADC-CDAD-5BA887FC839C}"
EndProject
Project("{FAE04EC0-301F-11D3-BF4B-00C04F79EFBC}") = "Assembly-CSharp", "Assembly-CSharp.Player.csproj", "{D6D23EAE-3283-9404-D6FE-C325EF7DF747}"
EndProject
Project("{FAE04EC0-301F-11D3-BF4B-00C04F79EFBC}") = "Unity.TextMeshPro", "Unity.TextMeshPro.Player.csproj", "{D766CADA-8F48-3DBC-DAD5-7C71FB4DD473}"
EndProject
Project("{FAE04EC0-301F-11D3-BF4B-00C04F79EFBC}") = "Unity.2D.Animation.Runtime", "Unity.2D.Animation.Runtime.Player.csproj", "{95D37026-3330-F67C-82A7-D57880E9AAFA}"
EndProject
Project("{FAE04EC0-301F-11D3-BF4B-00C04F79EFBC}") = "Unity.2D.IK.Runtime", "Unity.2D.IK.Runtime.Player.csproj", "{D77A3446-BFEB-2107-0B02-F7A3AB236987}"
EndProject
Project("{FAE04EC0-301F-11D3-BF4B-00C04F79EFBC}") = "Unity.2D.SpriteShape.Runtime", "Unity.2D.SpriteShape.Runtime.Player.csproj", "{00F9F9F0-B4DD-CCD8-8DA3-2EF48252E863}"
EndProject
Project("{FAE04EC0-301F-11D3-BF4B-00C04F79EFBC}") = "Unity.2D.PixelPerfect", "Unity.2D.PixelPerfect.Player.csproj", "{F63706B3-0240-C877-6B75-260B62088708}"
EndProject
Project("{FAE04EC0-301F-11D3-BF4B-00C04F79EFBC}") = "Unity.2D.Common.Runtime", "Unity.2D.Common.Runtime.Player.csproj", "{C0A1F78D-9CF1-0A3F-6443-8153255C4373}"
EndProject
Project("{FAE04EC0-301F-11D3-BF4B-00C04F79EFBC}") = "Unity.InternalAPIEngineBridge.001", "Unity.InternalAPIEngineBridge.001.Player.csproj", "{E6B11800-F836-F0D1-6076-60DA95AF0F68}"
EndProject
Global
	GlobalSection(SolutionConfigurationPlatforms) = preSolution
		Debug|Any CPU = Debug|Any CPU
		Release|Any CPU = Release|Any CPU
	EndGlobalSection
	GlobalSection(ProjectConfigurationPlatforms) = postSolution
		{05F2F4FF-9A40-5160-CA86-DFA09C9B1630}.Debug|Any CPU.ActiveCfg = Debug|Any CPU
		{05F2F4FF-9A40-5160-CA86-DFA09C9B1630}.Debug|Any CPU.Build.0 = Debug|Any CPU
		{05F2F4FF-9A40-5160-CA86-DFA09C9B1630}.Release|Any CPU.ActiveCfg = Release|Any CPU
		{05F2F4FF-9A40-5160-CA86-DFA09C9B1630}.Release|Any CPU.Build.0 = Release|Any CPU
		{655AA732-B7A6-1485-03B1-3EBD2B9E1643}.Debug|Any CPU.ActiveCfg = Debug|Any CPU
		{655AA732-B7A6-1485-03B1-3EBD2B9E1643}.Debug|Any CPU.Build.0 = Debug|Any CPU
		{655AA732-B7A6-1485-03B1-3EBD2B9E1643}.Release|Any CPU.ActiveCfg = Release|Any CPU
		{655AA732-B7A6-1485-03B1-3EBD2B9E1643}.Release|Any CPU.Build.0 = Release|Any CPU
		{1DBFF782-4552-B4DE-AD7B-CFE4A5B32384}.Debug|Any CPU.ActiveCfg = Debug|Any CPU
		{1DBFF782-4552-B4DE-AD7B-CFE4A5B32384}.Debug|Any CPU.Build.0 = Debug|Any CPU
		{1DBFF782-4552-B4DE-AD7B-CFE4A5B32384}.Release|Any CPU.ActiveCfg = Release|Any CPU
		{1DBFF782-4552-B4DE-AD7B-CFE4A5B32384}.Release|Any CPU.Build.0 = Release|Any CPU
		{275B775C-3822-8C12-8845-1D9985484C7E}.Debug|Any CPU.ActiveCfg = Debug|Any CPU
		{275B775C-3822-8C12-8845-1D9985484C7E}.Debug|Any CPU.Build.0 = Debug|Any CPU
		{275B775C-3822-8C12-8845-1D9985484C7E}.Release|Any CPU.ActiveCfg = Release|Any CPU
		{275B775C-3822-8C12-8845-1D9985484C7E}.Release|Any CPU.Build.0 = Release|Any CPU
		{2851B43C-6298-CE69-03F3-45E9172CC05D}.Debug|Any CPU.ActiveCfg = Debug|Any CPU
		{2851B43C-6298-CE69-03F3-45E9172CC05D}.Debug|Any CPU.Build.0 = Debug|Any CPU
		{2851B43C-6298-CE69-03F3-45E9172CC05D}.Release|Any CPU.ActiveCfg = Release|Any CPU
		{2851B43C-6298-CE69-03F3-45E9172CC05D}.Release|Any CPU.Build.0 = Release|Any CPU
		{E04243AF-BD5C-9936-BE12-4D054A9C3C64}.Debug|Any CPU.ActiveCfg = Debug|Any CPU
		{E04243AF-BD5C-9936-BE12-4D054A9C3C64}.Debug|Any CPU.Build.0 = Debug|Any CPU
		{E04243AF-BD5C-9936-BE12-4D054A9C3C64}.Release|Any CPU.ActiveCfg = Release|Any CPU
		{E04243AF-BD5C-9936-BE12-4D054A9C3C64}.Release|Any CPU.Build.0 = Release|Any CPU
		{8ED37E0B-75CF-B9D4-907F-F98EAF09A8FE}.Debug|Any CPU.ActiveCfg = Debug|Any CPU
		{8ED37E0B-75CF-B9D4-907F-F98EAF09A8FE}.Debug|Any CPU.Build.0 = Debug|Any CPU
		{8ED37E0B-75CF-B9D4-907F-F98EAF09A8FE}.Release|Any CPU.ActiveCfg = Release|Any CPU
		{8ED37E0B-75CF-B9D4-907F-F98EAF09A8FE}.Release|Any CPU.Build.0 = Release|Any CPU
		{54980C59-5F36-C054-C4E3-56DFCA07B7FF}.Debug|Any CPU.ActiveCfg = Debug|Any CPU
		{54980C59-5F36-C054-C4E3-56DFCA07B7FF}.Debug|Any CPU.Build.0 = Debug|Any CPU
		{54980C59-5F36-C054-C4E3-56DFCA07B7FF}.Release|Any CPU.ActiveCfg = Release|Any CPU
		{54980C59-5F36-C054-C4E3-56DFCA07B7FF}.Release|Any CPU.Build.0 = Release|Any CPU
		{1F2940C6-6783-2B94-CA6F-E9FEF603F308}.Debug|Any CPU.ActiveCfg = Debug|Any CPU
		{1F2940C6-6783-2B94-CA6F-E9FEF603F308}.Debug|Any CPU.Build.0 = Debug|Any CPU
		{1F2940C6-6783-2B94-CA6F-E9FEF603F308}.Release|Any CPU.ActiveCfg = Release|Any CPU
		{1F2940C6-6783-2B94-CA6F-E9FEF603F308}.Release|Any CPU.Build.0 = Release|Any CPU
		{316240BA-F01D-74F7-E85E-6E95B24F854F}.Debug|Any CPU.ActiveCfg = Debug|Any CPU
		{316240BA-F01D-74F7-E85E-6E95B24F854F}.Debug|Any CPU.Build.0 = Debug|Any CPU
		{316240BA-F01D-74F7-E85E-6E95B24F854F}.Release|Any CPU.ActiveCfg = Release|Any CPU
		{316240BA-F01D-74F7-E85E-6E95B24F854F}.Release|Any CPU.Build.0 = Release|Any CPU
		{33DA98F0-8F1E-A94B-5591-05CDD5E0FE8A}.Debug|Any CPU.ActiveCfg = Debug|Any CPU
		{33DA98F0-8F1E-A94B-5591-05CDD5E0FE8A}.Debug|Any CPU.Build.0 = Debug|Any CPU
		{33DA98F0-8F1E-A94B-5591-05CDD5E0FE8A}.Release|Any CPU.ActiveCfg = Release|Any CPU
		{33DA98F0-8F1E-A94B-5591-05CDD5E0FE8A}.Release|Any CPU.Build.0 = Release|Any CPU
		{E30031CE-3862-A552-C497-AD89AF0A4EE7}.Debug|Any CPU.ActiveCfg = Debug|Any CPU
		{E30031CE-3862-A552-C497-AD89AF0A4EE7}.Debug|Any CPU.Build.0 = Debug|Any CPU
		{E30031CE-3862-A552-C497-AD89AF0A4EE7}.Release|Any CPU.ActiveCfg = Release|Any CPU
		{E30031CE-3862-A552-C497-AD89AF0A4EE7}.Release|Any CPU.Build.0 = Release|Any CPU
		{2EA10F46-9455-5A39-D72C-E1DAD06E3159}.Debug|Any CPU.ActiveCfg = Debug|Any CPU
		{2EA10F46-9455-5A39-D72C-E1DAD06E3159}.Debug|Any CPU.Build.0 = Debug|Any CPU
		{2EA10F46-9455-5A39-D72C-E1DAD06E3159}.Release|Any CPU.ActiveCfg = Release|Any CPU
		{2EA10F46-9455-5A39-D72C-E1DAD06E3159}.Release|Any CPU.Build.0 = Release|Any CPU
		{2678D5A1-7CAE-6ABD-76D1-37FC23245434}.Debug|Any CPU.ActiveCfg = Debug|Any CPU
		{2678D5A1-7CAE-6ABD-76D1-37FC23245434}.Debug|Any CPU.Build.0 = Debug|Any CPU
		{2678D5A1-7CAE-6ABD-76D1-37FC23245434}.Release|Any CPU.ActiveCfg = Release|Any CPU
		{2678D5A1-7CAE-6ABD-76D1-37FC23245434}.Release|Any CPU.Build.0 = Release|Any CPU
		{692B7529-6F64-A472-F452-97E4F67B59E1}.Debug|Any CPU.ActiveCfg = Debug|Any CPU
		{692B7529-6F64-A472-F452-97E4F67B59E1}.Debug|Any CPU.Build.0 = Debug|Any CPU
		{692B7529-6F64-A472-F452-97E4F67B59E1}.Release|Any CPU.ActiveCfg = Release|Any CPU
		{692B7529-6F64-A472-F452-97E4F67B59E1}.Release|Any CPU.Build.0 = Release|Any CPU
		{61908B2E-2C22-949A-A1C3-50C8F96ACB4F}.Debug|Any CPU.ActiveCfg = Debug|Any CPU
		{61908B2E-2C22-949A-A1C3-50C8F96ACB4F}.Debug|Any CPU.Build.0 = Debug|Any CPU
		{61908B2E-2C22-949A-A1C3-50C8F96ACB4F}.Release|Any CPU.ActiveCfg = Release|Any CPU
		{61908B2E-2C22-949A-A1C3-50C8F96ACB4F}.Release|Any CPU.Build.0 = Release|Any CPU
		{F4AFA434-FD82-09D6-6935-DE30D9CFC899}.Debug|Any CPU.ActiveCfg = Debug|Any CPU
		{F4AFA434-FD82-09D6-6935-DE30D9CFC899}.Debug|Any CPU.Build.0 = Debug|Any CPU
		{F4AFA434-FD82-09D6-6935-DE30D9CFC899}.Release|Any CPU.ActiveCfg = Release|Any CPU
		{F4AFA434-FD82-09D6-6935-DE30D9CFC899}.Release|Any CPU.Build.0 = Release|Any CPU
		{1F8AB135-97FC-C053-DA92-581B05AF5872}.Debug|Any CPU.ActiveCfg = Debug|Any CPU
		{1F8AB135-97FC-C053-DA92-581B05AF5872}.Debug|Any CPU.Build.0 = Debug|Any CPU
		{1F8AB135-97FC-C053-DA92-581B05AF5872}.Release|Any CPU.ActiveCfg = Release|Any CPU
		{1F8AB135-97FC-C053-DA92-581B05AF5872}.Release|Any CPU.Build.0 = Release|Any CPU
		{DDF2A27C-CFCB-6F4B-A1B1-B67C5EE15B2D}.Debug|Any CPU.ActiveCfg = Debug|Any CPU
		{DDF2A27C-CFCB-6F4B-A1B1-B67C5EE15B2D}.Debug|Any CPU.Build.0 = Debug|Any CPU
		{DDF2A27C-CFCB-6F4B-A1B1-B67C5EE15B2D}.Release|Any CPU.ActiveCfg = Release|Any CPU
		{DDF2A27C-CFCB-6F4B-A1B1-B67C5EE15B2D}.Release|Any CPU.Build.0 = Release|Any CPU
		{6A0EF9FA-3CDB-F255-7D60-F679F60E0A9D}.Debug|Any CPU.ActiveCfg = Debug|Any CPU
		{6A0EF9FA-3CDB-F255-7D60-F679F60E0A9D}.Debug|Any CPU.Build.0 = Debug|Any CPU
		{6A0EF9FA-3CDB-F255-7D60-F679F60E0A9D}.Release|Any CPU.ActiveCfg = Release|Any CPU
		{6A0EF9FA-3CDB-F255-7D60-F679F60E0A9D}.Release|Any CPU.Build.0 = Release|Any CPU
		{943E619E-A1DF-9BB3-A545-4DBEC7A1BBA3}.Debug|Any CPU.ActiveCfg = Debug|Any CPU
		{943E619E-A1DF-9BB3-A545-4DBEC7A1BBA3}.Debug|Any CPU.Build.0 = Debug|Any CPU
		{943E619E-A1DF-9BB3-A545-4DBEC7A1BBA3}.Release|Any CPU.ActiveCfg = Release|Any CPU
		{943E619E-A1DF-9BB3-A545-4DBEC7A1BBA3}.Release|Any CPU.Build.0 = Release|Any CPU
		{28EF786F-90F1-6E87-B391-623297826CE0}.Debug|Any CPU.ActiveCfg = Debug|Any CPU
		{28EF786F-90F1-6E87-B391-623297826CE0}.Debug|Any CPU.Build.0 = Debug|Any CPU
		{28EF786F-90F1-6E87-B391-623297826CE0}.Release|Any CPU.ActiveCfg = Release|Any CPU
		{28EF786F-90F1-6E87-B391-623297826CE0}.Release|Any CPU.Build.0 = Release|Any CPU
		{A4E9C4DA-A77E-91AA-4674-DCB034E5A78F}.Debug|Any CPU.ActiveCfg = Debug|Any CPU
		{A4E9C4DA-A77E-91AA-4674-DCB034E5A78F}.Debug|Any CPU.Build.0 = Debug|Any CPU
		{A4E9C4DA-A77E-91AA-4674-DCB034E5A78F}.Release|Any CPU.ActiveCfg = Release|Any CPU
		{A4E9C4DA-A77E-91AA-4674-DCB034E5A78F}.Release|Any CPU.Build.0 = Release|Any CPU
		{7FF7B2D6-CE0E-4991-47A6-802D6F02834F}.Debug|Any CPU.ActiveCfg = Debug|Any CPU
		{7FF7B2D6-CE0E-4991-47A6-802D6F02834F}.Debug|Any CPU.Build.0 = Debug|Any CPU
		{7FF7B2D6-CE0E-4991-47A6-802D6F02834F}.Release|Any CPU.ActiveCfg = Release|Any CPU
		{7FF7B2D6-CE0E-4991-47A6-802D6F02834F}.Release|Any CPU.Build.0 = Release|Any CPU
		{A095C941-503D-AC21-B300-7F771C4FEE6F}.Debug|Any CPU.ActiveCfg = Debug|Any CPU
		{A095C941-503D-AC21-B300-7F771C4FEE6F}.Debug|Any CPU.Build.0 = Debug|Any CPU
		{A095C941-503D-AC21-B300-7F771C4FEE6F}.Release|Any CPU.ActiveCfg = Release|Any CPU
		{A095C941-503D-AC21-B300-7F771C4FEE6F}.Release|Any CPU.Build.0 = Release|Any CPU
		{7679EC5C-A9D0-0C8D-887F-621872F9FD1A}.Debug|Any CPU.ActiveCfg = Debug|Any CPU
		{7679EC5C-A9D0-0C8D-887F-621872F9FD1A}.Debug|Any CPU.Build.0 = Debug|Any CPU
		{7679EC5C-A9D0-0C8D-887F-621872F9FD1A}.Release|Any CPU.ActiveCfg = Release|Any CPU
		{7679EC5C-A9D0-0C8D-887F-621872F9FD1A}.Release|Any CPU.Build.0 = Release|Any CPU
		{6A1766B5-C3FD-156E-CDE4-08A49E0B6F49}.Debug|Any CPU.ActiveCfg = Debug|Any CPU
		{6A1766B5-C3FD-156E-CDE4-08A49E0B6F49}.Debug|Any CPU.Build.0 = Debug|Any CPU
		{6A1766B5-C3FD-156E-CDE4-08A49E0B6F49}.Release|Any CPU.ActiveCfg = Release|Any CPU
		{6A1766B5-C3FD-156E-CDE4-08A49E0B6F49}.Release|Any CPU.Build.0 = Release|Any CPU
		{815934B7-6585-6F35-BA9D-2702272079CD}.Debug|Any CPU.ActiveCfg = Debug|Any CPU
		{815934B7-6585-6F35-BA9D-2702272079CD}.Debug|Any CPU.Build.0 = Debug|Any CPU
		{815934B7-6585-6F35-BA9D-2702272079CD}.Release|Any CPU.ActiveCfg = Release|Any CPU
		{815934B7-6585-6F35-BA9D-2702272079CD}.Release|Any CPU.Build.0 = Release|Any CPU
		{E0FAF275-FAB7-AEFE-729A-0AFB5C4D860D}.Debug|Any CPU.ActiveCfg = Debug|Any CPU
		{E0FAF275-FAB7-AEFE-729A-0AFB5C4D860D}.Debug|Any CPU.Build.0 = Debug|Any CPU
		{E0FAF275-FAB7-AEFE-729A-0AFB5C4D860D}.Release|Any CPU.ActiveCfg = Release|Any CPU
		{E0FAF275-FAB7-AEFE-729A-0AFB5C4D860D}.Release|Any CPU.Build.0 = Release|Any CPU
		{302230C5-4807-D799-B20B-52F45C3335AE}.Debug|Any CPU.ActiveCfg = Debug|Any CPU
		{302230C5-4807-D799-B20B-52F45C3335AE}.Debug|Any CPU.Build.0 = Debug|Any CPU
		{302230C5-4807-D799-B20B-52F45C3335AE}.Release|Any CPU.ActiveCfg = Release|Any CPU
		{302230C5-4807-D799-B20B-52F45C3335AE}.Release|Any CPU.Build.0 = Release|Any CPU
		{6BCBDECD-B644-D103-4BCF-7C8FB675007E}.Debug|Any CPU.ActiveCfg = Debug|Any CPU
		{6BCBDECD-B644-D103-4BCF-7C8FB675007E}.Debug|Any CPU.Build.0 = Debug|Any CPU
		{6BCBDECD-B644-D103-4BCF-7C8FB675007E}.Release|Any CPU.ActiveCfg = Release|Any CPU
		{6BCBDECD-B644-D103-4BCF-7C8FB675007E}.Release|Any CPU.Build.0 = Release|Any CPU
		{3BD6D45A-74B9-BEC1-8D84-9C1F17376B11}.Debug|Any CPU.ActiveCfg = Debug|Any CPU
		{3BD6D45A-74B9-BEC1-8D84-9C1F17376B11}.Debug|Any CPU.Build.0 = Debug|Any CPU
		{3BD6D45A-74B9-BEC1-8D84-9C1F17376B11}.Release|Any CPU.ActiveCfg = Release|Any CPU
		{3BD6D45A-74B9-BEC1-8D84-9C1F17376B11}.Release|Any CPU.Build.0 = Release|Any CPU
		{41F7F7D1-6A5B-0946-3A32-EFD55FF73AF5}.Debug|Any CPU.ActiveCfg = Debug|Any CPU
		{41F7F7D1-6A5B-0946-3A32-EFD55FF73AF5}.Debug|Any CPU.Build.0 = Debug|Any CPU
		{41F7F7D1-6A5B-0946-3A32-EFD55FF73AF5}.Release|Any CPU.ActiveCfg = Release|Any CPU
		{41F7F7D1-6A5B-0946-3A32-EFD55FF73AF5}.Release|Any CPU.Build.0 = Release|Any CPU
		{97E4BD27-2B46-B278-A279-4F79C2C158F6}.Debug|Any CPU.ActiveCfg = Debug|Any CPU
		{97E4BD27-2B46-B278-A279-4F79C2C158F6}.Debug|Any CPU.Build.0 = Debug|Any CPU
		{97E4BD27-2B46-B278-A279-4F79C2C158F6}.Release|Any CPU.ActiveCfg = Release|Any CPU
		{97E4BD27-2B46-B278-A279-4F79C2C158F6}.Release|Any CPU.Build.0 = Release|Any CPU
		{63199B1B-3EA9-AAA5-72B7-D1F0ED30E715}.Debug|Any CPU.ActiveCfg = Debug|Any CPU
		{63199B1B-3EA9-AAA5-72B7-D1F0ED30E715}.Debug|Any CPU.Build.0 = Debug|Any CPU
		{63199B1B-3EA9-AAA5-72B7-D1F0ED30E715}.Release|Any CPU.ActiveCfg = Release|Any CPU
		{63199B1B-3EA9-AAA5-72B7-D1F0ED30E715}.Release|Any CPU.Build.0 = Release|Any CPU
		{DCDBD145-2349-3B90-EF4C-CCD1A5CDD191}.Debug|Any CPU.ActiveCfg = Debug|Any CPU
		{DCDBD145-2349-3B90-EF4C-CCD1A5CDD191}.Debug|Any CPU.Build.0 = Debug|Any CPU
		{DCDBD145-2349-3B90-EF4C-CCD1A5CDD191}.Release|Any CPU.ActiveCfg = Release|Any CPU
		{DCDBD145-2349-3B90-EF4C-CCD1A5CDD191}.Release|Any CPU.Build.0 = Release|Any CPU
		{AE8B7EC8-33BF-8C3E-855E-E7FE5B7BD9A7}.Debug|Any CPU.ActiveCfg = Debug|Any CPU
		{AE8B7EC8-33BF-8C3E-855E-E7FE5B7BD9A7}.Debug|Any CPU.Build.0 = Debug|Any CPU
		{AE8B7EC8-33BF-8C3E-855E-E7FE5B7BD9A7}.Release|Any CPU.ActiveCfg = Release|Any CPU
		{AE8B7EC8-33BF-8C3E-855E-E7FE5B7BD9A7}.Release|Any CPU.Build.0 = Release|Any CPU
		{69DB62E2-60F7-EADC-CDAD-5BA887FC839C}.Debug|Any CPU.ActiveCfg = Debug|Any CPU
		{69DB62E2-60F7-EADC-CDAD-5BA887FC839C}.Debug|Any CPU.Build.0 = Debug|Any CPU
		{69DB62E2-60F7-EADC-CDAD-5BA887FC839C}.Release|Any CPU.ActiveCfg = Release|Any CPU
		{69DB62E2-60F7-EADC-CDAD-5BA887FC839C}.Release|Any CPU.Build.0 = Release|Any CPU
		{D6D23EAE-3283-9404-D6FE-C325EF7DF747}.Debug|Any CPU.ActiveCfg = Debug|Any CPU
		{D6D23EAE-3283-9404-D6FE-C325EF7DF747}.Debug|Any CPU.Build.0 = Debug|Any CPU
		{D6D23EAE-3283-9404-D6FE-C325EF7DF747}.Release|Any CPU.ActiveCfg = Release|Any CPU
		{D6D23EAE-3283-9404-D6FE-C325EF7DF747}.Release|Any CPU.Build.0 = Release|Any CPU
		{D766CADA-8F48-3DBC-DAD5-7C71FB4DD473}.Debug|Any CPU.ActiveCfg = Debug|Any CPU
		{D766CADA-8F48-3DBC-DAD5-7C71FB4DD473}.Debug|Any CPU.Build.0 = Debug|Any CPU
		{D766CADA-8F48-3DBC-DAD5-7C71FB4DD473}.Release|Any CPU.ActiveCfg = Release|Any CPU
		{D766CADA-8F48-3DBC-DAD5-7C71FB4DD473}.Release|Any CPU.Build.0 = Release|Any CPU
		{95D37026-3330-F67C-82A7-D57880E9AAFA}.Debug|Any CPU.ActiveCfg = Debug|Any CPU
		{95D37026-3330-F67C-82A7-D57880E9AAFA}.Debug|Any CPU.Build.0 = Debug|Any CPU
		{95D37026-3330-F67C-82A7-D57880E9AAFA}.Release|Any CPU.ActiveCfg = Release|Any CPU
		{95D37026-3330-F67C-82A7-D57880E9AAFA}.Release|Any CPU.Build.0 = Release|Any CPU
		{D77A3446-BFEB-2107-0B02-F7A3AB236987}.Debug|Any CPU.ActiveCfg = Debug|Any CPU
		{D77A3446-BFEB-2107-0B02-F7A3AB236987}.Debug|Any CPU.Build.0 = Debug|Any CPU
		{D77A3446-BFEB-2107-0B02-F7A3AB236987}.Release|Any CPU.ActiveCfg = Release|Any CPU
		{D77A3446-BFEB-2107-0B02-F7A3AB236987}.Release|Any CPU.Build.0 = Release|Any CPU
		{00F9F9F0-B4DD-CCD8-8DA3-2EF48252E863}.Debug|Any CPU.ActiveCfg = Debug|Any CPU
		{00F9F9F0-B4DD-CCD8-8DA3-2EF48252E863}.Debug|Any CPU.Build.0 = Debug|Any CPU
		{00F9F9F0-B4DD-CCD8-8DA3-2EF48252E863}.Release|Any CPU.ActiveCfg = Release|Any CPU
		{00F9F9F0-B4DD-CCD8-8DA3-2EF48252E863}.Release|Any CPU.Build.0 = Release|Any CPU
		{F63706B3-0240-C877-6B75-260B62088708}.Debug|Any CPU.ActiveCfg = Debug|Any CPU
		{F63706B3-0240-C877-6B75-260B62088708}.Debug|Any CPU.Build.0 = Debug|Any CPU
		{F63706B3-0240-C877-6B75-260B62088708}.Release|Any CPU.ActiveCfg = Release|Any CPU
		{F63706B3-0240-C877-6B75-260B62088708}.Release|Any CPU.Build.0 = Release|Any CPU
		{C0A1F78D-9CF1-0A3F-6443-8153255C4373}.Debug|Any CPU.ActiveCfg = Debug|Any CPU
		{C0A1F78D-9CF1-0A3F-6443-8153255C4373}.Debug|Any CPU.Build.0 = Debug|Any CPU
		{C0A1F78D-9CF1-0A3F-6443-8153255C4373}.Release|Any CPU.ActiveCfg = Release|Any CPU
		{C0A1F78D-9CF1-0A3F-6443-8153255C4373}.Release|Any CPU.Build.0 = Release|Any CPU
		{E6B11800-F836-F0D1-6076-60DA95AF0F68}.Debug|Any CPU.ActiveCfg = Debug|Any CPU
		{E6B11800-F836-F0D1-6076-60DA95AF0F68}.Debug|Any CPU.Build.0 = Debug|Any CPU
		{E6B11800-F836-F0D1-6076-60DA95AF0F68}.Release|Any CPU.ActiveCfg = Release|Any CPU
		{E6B11800-F836-F0D1-6076-60DA95AF0F68}.Release|Any CPU.Build.0 = Release|Any CPU
	EndGlobalSection
	GlobalSection(SolutionProperties) = preSolution
		HideSolutionNode = FALSE
	EndGlobalSection
EndGlobal
